
Microsoft Visual Studio Solution File, Format Version 12.00
# Visual Studio Version 16
VisualStudioVersion = 16.0.29613.14
MinimumVisualStudioVersion = 10.0.40219.1
Project("{FAE04EC0-301F-11D3-BF4B-00C04F79EFBC}") = "API", "Tugas_BNI\API.csproj", "{F4A21EF0-17E0-4630-B29F-9BC3A3A545C0}"
EndProject
Project("{FAE04EC0-301F-11D3-BF4B-00C04F79EFBC}") = "MVC", "MVC\MVC.csproj", "{D9BA72E5-6AA5-4668-961A-33F1565F91FE}"
EndProject
Global
	GlobalSection(SolutionConfigurationPlatforms) = preSolution
		Debug|Any CPU = Debug|Any CPU
		Release|Any CPU = Release|Any CPU
	EndGlobalSection
	GlobalSection(ProjectConfigurationPlatforms) = postSolution
		{F4A21EF0-17E0-4630-B29F-9BC3A3A545C0}.Debug|Any CPU.ActiveCfg = Debug|Any CPU
		{F4A21EF0-17E0-4630-B29F-9BC3A3A545C0}.Debug|Any CPU.Build.0 = Debug|Any CPU
		{F4A21EF0-17E0-4630-B29F-9BC3A3A545C0}.Release|Any CPU.ActiveCfg = Release|Any CPU
		{F4A21EF0-17E0-4630-B29F-9BC3A3A545C0}.Release|Any CPU.Build.0 = Release|Any CPU
		{D9BA72E5-6AA5-4668-961A-33F1565F91FE}.Debug|Any CPU.ActiveCfg = Debug|Any CPU
		{D9BA72E5-6AA5-4668-961A-33F1565F91FE}.Debug|Any CPU.Build.0 = Debug|Any CPU
		{D9BA72E5-6AA5-4668-961A-33F1565F91FE}.Release|Any CPU.ActiveCfg = Release|Any CPU
		{D9BA72E5-6AA5-4668-961A-33F1565F91FE}.Release|Any CPU.Build.0 = Release|Any CPU
	EndGlobalSection
	GlobalSection(SolutionProperties) = preSolution
		HideSolutionNode = FALSE
	EndGlobalSection
	GlobalSection(ExtensibilityGlobals) = postSolution
		SolutionGuid = {F7439695-C61A-4247-9084-39EBE6E9A29B}
	EndGlobalSection
EndGlobal
